
Microsoft Visual Studio Solution File, Format Version 12.00
# Visual Studio Version 17
VisualStudioVersion = 17.3.32901.215
MinimumVisualStudioVersion = 10.0.40219.1
Project("{FAE04EC0-301F-11D3-BF4B-00C04F79EFBC}") = "資料庫專題", "資料庫專題\資料庫專題.csproj", "{FB55E53E-29ED-4ADB-9A7E-2D006CC7F39D}"
EndProject
Global
	GlobalSection(SolutionConfigurationPlatforms) = preSolution
		Debug|Any CPU = Debug|Any CPU
		Release|Any CPU = Release|Any CPU
	EndGlobalSection
	GlobalSection(ProjectConfigurationPlatforms) = postSolution
		{FB55E53E-29ED-4ADB-9A7E-2D006CC7F39D}.Debug|Any CPU.ActiveCfg = Debug|Any CPU
		{FB55E53E-29ED-4ADB-9A7E-2D006CC7F39D}.Debug|Any CPU.Build.0 = Debug|Any CPU
		{FB55E53E-29ED-4ADB-9A7E-2D006CC7F39D}.Release|Any CPU.ActiveCfg = Release|Any CPU
		{FB55E53E-29ED-4ADB-9A7E-2D006CC7F39D}.Release|Any CPU.Build.0 = Release|Any CPU
	EndGlobalSection
	GlobalSection(SolutionProperties) = preSolution
		HideSolutionNode = FALSE
	EndGlobalSection
	GlobalSection(ExtensibilityGlobals) = postSolution
		SolutionGuid = {AFFDDBB5-B806-4215-9752-737F699F4F1B}
	EndGlobalSection
EndGlobal
